// !$*UTF8*$!
{
	archiveVersion = 1;
	classes = {
	};
	objectVersion = 46;
	objects = {

/* Begin PBXBuildFile section */
		738FE19F1BD91451005FD4D4 /* main.m in Sources */ = {isa = PBXBuildFile; fileRef = 738FE19E1BD91451005FD4D4 /* main.m */; };
		738FE1A21BD91451005FD4D4 /* AppDelegate.m in Sources */ = {isa = PBXBuildFile; fileRef = 738FE1A11BD91451005FD4D4 /* AppDelegate.m */; };
		738FE1AA1BD91451005FD4D4 /* Images.xcassets in Resources */ = {isa = PBXBuildFile; fileRef = 738FE1A91BD91451005FD4D4 /* Images.xcassets */; };
		738FE1AD1BD91451005FD4D4 /* LaunchScreen.xib in Resources */ = {isa = PBXBuildFile; fileRef = 738FE1AB1BD91451005FD4D4 /* LaunchScreen.xib */; };
		738FE1B91BD91451005FD4D4 /* JXLMenuViewDemoTests.m in Sources */ = {isa = PBXBuildFile; fileRef = 738FE1B81BD91451005FD4D4 /* JXLMenuViewDemoTests.m */; };
		738FE7341BD91489005FD4D4 /* JXLMenuCollectionViewCell.m in Sources */ = {isa = PBXBuildFile; fileRef = 738FE7311BD91489005FD4D4 /* JXLMenuCollectionViewCell.m */; };
		738FE7351BD91489005FD4D4 /* JXLMenuView.m in Sources */ = {isa = PBXBuildFile; fileRef = 738FE7331BD91489005FD4D4 /* JXLMenuView.m */; };
		738FE7381BD914F3005FD4D4 /* JXLMenuViewController.m in Sources */ = {isa = PBXBuildFile; fileRef = 738FE7371BD914F3005FD4D4 /* JXLMenuViewController.m */; };
/* End PBXBuildFile section */

/* Begin PBXContainerItemProxy section */
		738FE1B31BD91451005FD4D4 /* PBXContainerItemProxy */ = {
			isa = PBXContainerItemProxy;
			containerPortal = 738FE1911BD91450005FD4D4 /* Project object */;
			proxyType = 1;
			remoteGlobalIDString = 738FE1981BD91451005FD4D4;
			remoteInfo = JXLMenuViewDemo;
		};
/* End PBXContainerItemProxy section */

/* Begin PBXFileReference section */
		738FE1991BD91451005FD4D4 /* JXLMenuViewDemo.app */ = {isa = PBXFileReference; explicitFileType = wrapper.application; includeInIndex = 0; path = JXLMenuViewDemo.app; sourceTree = BUILT_PRODUCTS_DIR; };
		738FE19D1BD91451005FD4D4 /* Info.plist */ = {isa = PBXFileReference; lastKnownFileType = text.plist.xml; path = Info.plist; sourceTree = "<group>"; };
		738FE19E1BD91451005FD4D4 /* main.m */ = {isa = PBXFileReference; lastKnownFileType = sourcecode.c.objc; path = main.m; sourceTree = "<group>"; };
		738FE1A01BD91451005FD4D4 /* AppDelegate.h */ = {isa = PBXFileReference; lastKnownFileType = sourcecode.c.h; path = AppDelegate.h; sourceTree = "<group>"; };
		738FE1A11BD91451005FD4D4 /* AppDelegate.m */ = {isa = PBXFileReference; lastKnownFileType = sourcecode.c.objc; path = AppDelegate.m; sourceTree = "<group>"; };
		738FE1A91BD91451005FD4D4 /* Images.xcassets */ = {isa = PBXFileReference; lastKnownFileType = folder.assetcatalog; path = Images.xcassets; sourceTree = "<group>"; };
		738FE1AC1BD91451005FD4D4 /* Base */ = {isa = PBXFileReference; lastKnownFileType = file.xib; name = Base; path = Base.lproj/LaunchScreen.xib; sourceTree = "<group>"; };
		738FE1B21BD91451005FD4D4 /* JXLMenuViewDemoTests.xctest */ = {isa = PBXFileReference; explicitFileType = wrapper.cfbundle; includeInIndex = 0; path = JXLMenuViewDemoTests.xctest; sourceTree = BUILT_PRODUCTS_DIR; };
		738FE1B71BD91451005FD4D4 /* Info.plist */ = {isa = PBXFileReference; lastKnownFileType = text.plist.xml; path = Info.plist; sourceTree = "<group>"; };
		738FE1B81BD91451005FD4D4 /* JXLMenuViewDemoTests.m */ = {isa = PBXFileReference; lastKnownFileType = sourcecode.c.objc; path = JXLMenuViewDemoTests.m; sourceTree = "<group>"; };
		738FE7301BD91489005FD4D4 /* JXLMenuCollectionViewCell.h */ = {isa = PBXFileReference; fileEncoding = 4; lastKnownFileType = sourcecode.c.h; path = JXLMenuCollectionViewCell.h; sourceTree = "<group>"; };
		738FE7311BD91489005FD4D4 /* JXLMenuCollectionViewCell.m */ = {isa = PBXFileReference; fileEncoding = 4; lastKnownFileType = sourcecode.c.objc; path = JXLMenuCollectionViewCell.m; sourceTree = "<group>"; };
		738FE7321BD91489005FD4D4 /* JXLMenuView.h */ = {isa = PBXFileReference; fileEncoding = 4; lastKnownFileType = sourcecode.c.h; path = JXLMenuView.h; sourceTree = "<group>"; };
		738FE7331BD91489005FD4D4 /* JXLMenuView.m */ = {isa = PBXFileReference; fileEncoding = 4; lastKnownFileType = sourcecode.c.objc; path = JXLMenuView.m; sourceTree = "<group>"; };
		738FE7361BD914F3005FD4D4 /* JXLMenuViewController.h */ = {isa = PBXFileReference; fileEncoding = 4; lastKnownFileType = sourcecode.c.h; path = JXLMenuViewController.h; sourceTree = "<group>"; };
		738FE7371BD914F3005FD4D4 /* JXLMenuViewController.m */ = {isa = PBXFileReference; fileEncoding = 4; lastKnownFileType = sourcecode.c.objc; path = JXLMenuViewController.m; sourceTree = "<group>"; };
/* End PBXFileReference section */

/* Begin PBXFrameworksBuildPhase section */
		738FE1961BD91451005FD4D4 /* Frameworks */ = {
			isa = PBXFrameworksBuildPhase;
			buildActionMask = 2147483647;
			files = (
			);
			runOnlyForDeploymentPostprocessing = 0;
		};
		738FE1AF1BD91451005FD4D4 /* Frameworks */ = {
			isa = PBXFrameworksBuildPhase;
			buildActionMask = 2147483647;
			files = (
			);
			runOnlyForDeploymentPostprocessing = 0;
		};
/* End PBXFrameworksBuildPhase section */

/* Begin PBXGroup section */
		738FE1901BD91450005FD4D4 = {
			isa = PBXGroup;
			children = (
				738FE19B1BD91451005FD4D4 /* JXLMenuViewDemo */,
				738FE1B51BD91451005FD4D4 /* JXLMenuViewDemoTests */,
				738FE19A1BD91451005FD4D4 /* Products */,
			);
			sourceTree = "<group>";
		};
		738FE19A1BD91451005FD4D4 /* Products */ = {
			isa = PBXGroup;
			children = (
				738FE1991BD91451005FD4D4 /* JXLMenuViewDemo.app */,
				738FE1B21BD91451005FD4D4 /* JXLMenuViewDemoTests.xctest */,
			);
			name = Products;
			sourceTree = "<group>";
		};
		738FE19B1BD91451005FD4D4 /* JXLMenuViewDemo */ = {
			isa = PBXGroup;
			children = (
				738FE72F1BD91489005FD4D4 /* JXLMenuView */,
				738FE1A01BD91451005FD4D4 /* AppDelegate.h */,
				738FE1A11BD91451005FD4D4 /* AppDelegate.m */,
				738FE7361BD914F3005FD4D4 /* JXLMenuViewController.h */,
				738FE7371BD914F3005FD4D4 /* JXLMenuViewController.m */,
				738FE1A91BD91451005FD4D4 /* Images.xcassets */,
				738FE1AB1BD91451005FD4D4 /* LaunchScreen.xib */,
				738FE19C1BD91451005FD4D4 /* Supporting Files */,
			);
			path = JXLMenuViewDemo;
			sourceTree = "<group>";
		};
		738FE19C1BD91451005FD4D4 /* Supporting Files */ = {
			isa = PBXGroup;
			children = (
				738FE19D1BD91451005FD4D4 /* Info.plist */,
				738FE19E1BD91451005FD4D4 /* main.m */,
			);
			name = "Supporting Files";
			sourceTree = "<group>";
		};
		738FE1B51BD91451005FD4D4 /* JXLMenuViewDemoTests */ = {
			isa = PBXGroup;
			children = (
				738FE1B81BD91451005FD4D4 /* JXLMenuViewDemoTests.m */,
				738FE1B61BD91451005FD4D4 /* Supporting Files */,
			);
			path = JXLMenuViewDemoTests;
			sourceTree = "<group>";
		};
		738FE1B61BD91451005FD4D4 /* Supporting Files */ = {
			isa = PBXGroup;
			children = (
				738FE1B71BD91451005FD4D4 /* Info.plist */,
			);
			name = "Supporting Files";
			sourceTree = "<group>";
		};
		738FE72F1BD91489005FD4D4 /* JXLMenuView */ = {
			isa = PBXGroup;
			children = (
				738FE7301BD91489005FD4D4 /* JXLMenuCollectionViewCell.h */,
				738FE7311BD91489005FD4D4 /* JXLMenuCollectionViewCell.m */,
				738FE7321BD91489005FD4D4 /* JXLMenuView.h */,
				738FE7331BD91489005FD4D4 /* JXLMenuView.m */,
			);
			path = JXLMenuView;
			sourceTree = "<group>";
		};
/* End PBXGroup section */

/* Begin PBXNativeTarget section */
		738FE1981BD91451005FD4D4 /* JXLMenuViewDemo */ = {
			isa = PBXNativeTarget;
			buildConfigurationList = 738FE1BC1BD91451005FD4D4 /* Build configuration list for PBXNativeTarget "JXLMenuViewDemo" */;
			buildPhases = (
				738FE1951BD91451005FD4D4 /* Sources */,
				738FE1961BD91451005FD4D4 /* Frameworks */,
				738FE1971BD91451005FD4D4 /* Resources */,
			);
			buildRules = (
			);
			dependencies = (
			);
			name = JXLMenuViewDemo;
			productName = JXLMenuViewDemo;
			productReference = 738FE1991BD91451005FD4D4 /* JXLMenuViewDemo.app */;
			productType = "com.apple.product-type.application";
		};
		738FE1B11BD91451005FD4D4 /* JXLMenuViewDemoTests */ = {
			isa = PBXNativeTarget;
			buildConfigurationList = 738FE1BF1BD91451005FD4D4 /* Build configuration list for PBXNativeTarget "JXLMenuViewDemoTests" */;
			buildPhases = (
				738FE1AE1BD91451005FD4D4 /* Sources */,
				738FE1AF1BD91451005FD4D4 /* Frameworks */,
				738FE1B01BD91451005FD4D4 /* Resources */,
			);
			buildRules = (
			);
			dependencies = (
				738FE1B41BD91451005FD4D4 /* PBXTargetDependency */,
			);
			name = JXLMenuViewDemoTests;
			productName = JXLMenuViewDemoTests;
			productReference = 738FE1B21BD91451005FD4D4 /* JXLMenuViewDemoTests.xctest */;
			productType = "com.apple.product-type.bundle.unit-test";
		};
/* End PBXNativeTarget section */

/* Begin PBXProject section */
		738FE1911BD91450005FD4D4 /* Project object */ = {
			isa = PBXProject;
			attributes = {
				LastUpgradeCheck = 0640;
				ORGANIZATIONNAME = jinxinliang;
				TargetAttributes = {
					738FE1981BD91451005FD4D4 = {
						CreatedOnToolsVersion = 6.4;
					};
					738FE1B11BD91451005FD4D4 = {
						CreatedOnToolsVersion = 6.4;
						TestTargetID = 738FE1981BD91451005FD4D4;
					};
				};
			};
			buildConfigurationList = 738FE1941BD91450005FD4D4 /* Build configuration list for PBXProject "JXLMenuViewDemo" */;
			compatibilityVersion = "Xcode 3.2";
			developmentRegion = English;
			hasScannedForEncodings = 0;
			knownRegions = (
				en,
				Base,
			);
			mainGroup = 738FE1901BD91450005FD4D4;
			productRefGroup = 738FE19A1BD91451005FD4D4 /* Products */;
			projectDirPath = "";
			projectRoot = "";
			targets = (
				738FE1981BD91451005FD4D4 /* JXLMenuViewDemo */,
				738FE1B11BD91451005FD4D4 /* JXLMenuViewDemoTests */,
			);
		};
/* End PBXProject section */

/* Begin PBXResourcesBuildPhase section */
		738FE1971BD91451005FD4D4 /* Resources */ = {
			isa = PBXResourcesBuildPhase;
			buildActionMask = 2147483647;
			files = (
				738FE1AD1BD91451005FD4D4 /* LaunchScreen.xib in Resources */,
				738FE1AA1BD91451005FD4D4 /* Images.xcassets in Resources */,
			);
			runOnlyForDeploymentPostprocessing = 0;
		};
		738FE1B01BD91451005FD4D4 /* Resources */ = {
			isa = PBXResourcesBuildPhase;
			buildActionMask = 2147483647;
			files = (
			);
			runOnlyForDeploymentPostprocessing = 0;
		};
/* End PBXResourcesBuildPhase section */

/* Begin PBXSourcesBuildPhase section */
		738FE1951BD91451005FD4D4 /* Sources */ = {
			isa = PBXSourcesBuildPhase;
			buildActionMask = 2147483647;
			files = (
				738FE7381BD914F3005FD4D4 /* JXLMenuViewController.m in Sources */,
				738FE7341BD91489005FD4D4 /* JXLMenuCollectionViewCell.m in Sources */,
				738FE1A21BD91451005FD4D4 /* AppDelegate.m in Sources */,
				738FE7351BD91489005FD4D4 /* JXLMenuView.m in Sources */,
				738FE19F1BD91451005FD4D4 /* main.m in Sources */,
			);
			runOnlyForDeploymentPostprocessing = 0;
		};
		738FE1AE1BD91451005FD4D4 /* Sources */ = {
			isa = PBXSourcesBuildPhase;
			buildActionMask = 2147483647;
			files = (
				738FE1B91BD91451005FD4D4 /* JXLMenuViewDemoTests.m in Sources */,
			);
			runOnlyForDeploymentPostprocessing = 0;
		};
/* End PBXSourcesBuildPhase section */

/* Begin PBXTargetDependency section */
		738FE1B41BD91451005FD4D4 /* PBXTargetDependency */ = {
			isa = PBXTargetDependency;
			target = 738FE1981BD91451005FD4D4 /* JXLMenuViewDemo */;
			targetProxy = 738FE1B31BD91451005FD4D4 /* PBXContainerItemProxy */;
		};
/* End PBXTargetDependency section */

/* Begin PBXVariantGroup section */
		738FE1AB1BD91451005FD4D4 /* LaunchScreen.xib */ = {
			isa = PBXVariantGroup;
			children = (
				738FE1AC1BD91451005FD4D4 /* Base */,
			);
			name = LaunchScreen.xib;
			sourceTree = "<group>";
		};
/* End PBXVariantGroup section */

/* Begin XCBuildConfiguration section */
		738FE1BA1BD91451005FD4D4 /* Debug */ = {
			isa = XCBuildConfiguration;
			buildSettings = {
				ALWAYS_SEARCH_USER_PATHS = NO;
				CLANG_CXX_LANGUAGE_STANDARD = "gnu++0x";
				CLANG_CXX_LIBRARY = "libc++";
				CLANG_ENABLE_MODULES = YES;
				CLANG_ENABLE_OBJC_ARC = YES;
				CLANG_WARN_BOOL_CONVERSION = YES;
				CLANG_WARN_CONSTANT_CONVERSION = YES;
				CLANG_WARN_DIRECT_OBJC_ISA_USAGE = YES_ERROR;
				CLANG_WARN_EMPTY_BODY = YES;
				CLANG_WARN_ENUM_CONVERSION = YES;
				CLANG_WARN_INT_CONVERSION = YES;
				CLANG_WARN_OBJC_ROOT_CLASS = YES_ERROR;
				CLANG_WARN_UNREACHABLE_CODE = YES;
				CLANG_WARN__DUPLICATE_METHOD_MATCH = YES;
				"CODE_SIGN_IDENTITY[sdk=iphoneos*]" = "iPhone Developer";
				COPY_PHASE_STRIP = NO;
				DEBUG_INFORMATION_FORMAT = "dwarf-with-dsym";
				ENABLE_STRICT_OBJC_MSGSEND = YES;
				GCC_C_LANGUAGE_STANDARD = gnu99;
				GCC_DYNAMIC_NO_PIC = NO;
				GCC_NO_COMMON_BLOCKS = YES;
				GCC_OPTIMIZATION_LEVEL = 0;
				GCC_PREPROCESSOR_DEFINITIONS = (
					"DEBUG=1",
					"$(inherited)",
				);
				GCC_SYMBOLS_PRIVATE_EXTERN = NO;
				GCC_WARN_64_TO_32_BIT_CONVERSION = YES;
				GCC_WARN_ABOUT_RETURN_TYPE = YES_ERROR;
				GCC_WARN_UNDECLARED_SELECTOR = YES;
				GCC_WARN_UNINITIALIZED_AUTOS = YES_AGGRESSIVE;
				GCC_WARN_UNUSED_FUNCTION = YES;
				GCC_WARN_UNUSED_VARIABLE = YES;
				IPHONEOS_DEPLOYMENT_TARGET = 8.4;
				MTL_ENABLE_DEBUG_INFO = YES;
				ONLY_ACTIVE_ARCH = YES;
				SDKROOT = iphoneos;
			};
			name = Debug;
		};
		738FE1BB1BD91451005FD4D4 /* Release */ = {
			isa = XCBuildConfiguration;
			buildSettings = {
				ALWAYS_SEARCH_USER_PATHS = NO;
				CLANG_CXX_LANGUAGE_STANDARD = "gnu++0x";
				CLANG_CXX_LIBRARY = "libc++";
				CLANG_ENABLE_MODULES = YES;
				CLANG_ENABLE_OBJC_ARC = YES;
				CLANG_WARN_BOOL_CONVERSION = YES;
				CLANG_WARN_CONSTANT_CONVERSION = YES;
				CLANG_WARN_DIRECT_OBJC_ISA_USAGE = YES_ERROR;
				CLANG_WARN_EMPTY_BODY = YES;
				CLANG_WARN_ENUM_CONVERSION = YES;
				CLANG_WARN_INT_CONVERSION = YES;
				CLANG_WARN_OBJC_ROOT_CLASS = YES_ERROR;
				CLANG_WARN_UNREACHABLE_CODE = YES;
				CLANG_WARN__DUPLICATE_METHOD_MATCH = YES;
				"CODE_SIGN_IDENTITY[sdk=iphoneos*]" = "iPhone Developer";
				COPY_PHASE_STRIP = NO;
				DEBUG_INFORMATION_FORMAT = "dwarf-with-dsym";
				ENABLE_NS_ASSERTIONS = NO;
				ENABLE_STRICT_OBJC_MSGSEND = YES;
				GCC_C_LANGUAGE_STANDARD = gnu99;
				GCC_NO_COMMON_BLOCKS = YES;
				GCC_WARN_64_TO_32_BIT_CONVERSION = YES;
				GCC_WARN_ABOUT_RETURN_TYPE = YES_ERROR;
				GCC_WARN_UNDECLARED_SELECTOR = YES;
				GCC_WARN_UNINITIALIZED_AUTOS = YES_AGGRESSIVE;
				GCC_WARN_UNUSED_FUNCTION = YES;
				GCC_WARN_UNUSED_VARIABLE = YES;
				IPHONEOS_DEPLOYMENT_TARGET = 8.4;
				MTL_ENABLE_DEBUG_INFO = NO;
				SDKROOT = iphoneos;
				VALIDATE_PRODUCT = YES;
			};
			name = Release;
		};
		738FE1BD1BD91451005FD4D4 /* Debug */ = {
			isa = XCBuildConfiguration;
			buildSettings = {
				ASSETCATALOG_COMPILER_APPICON_NAME = AppIcon;
				INFOPLIST_FILE = JXLMenuViewDemo/Info.plist;
				IPHONEOS_DEPLOYMENT_TARGET = 7.0;
				LD_RUNPATH_SEARCH_PATHS = "$(inherited) @executable_path/Frameworks";
				PRODUCT_NAME = "$(TARGET_NAME)";
			};
			name = Debug;
		};
		738FE1BE1BD91451005FD4D4 /* Release */ = {
			isa = XCBuildConfiguration;
			buildSettings = {
				ASSETCATALOG_COMPILER_APPICON_NAME = AppIcon;
				INFOPLIST_FILE = JXLMenuViewDemo/Info.plist;
				IPHONEOS_DEPLOYMENT_TARGET = 7.0;
				LD_RUNPATH_SEARCH_PATHS = "$(inherited) @executable_path/Frameworks";
				PRODUCT_NAME = "$(TARGET_NAME)";
			};
			name = Release;
		};
		738FE1C01BD91451005FD4D4 /* Debug */ = {
			isa = XCBuildConfiguration;
			buildSettings = {
				BUNDLE_LOADER = "$(TEST_HOST)";
				FRAMEWORK_SEARCH_PATHS = (
					"$(SDKROOT)/Developer/Library/Frameworks",
					"$(inherited)",
				);
				GCC_PREPROCESSOR_DEFINITIONS = (
					"DEBUG=1",
					"$(inherited)",
				);
				INFOPLIST_FILE = JXLMenuViewDemoTests/Info.plist;
				LD_RUNPATH_SEARCH_PATHS = "$(inherited) @executable_path/Frameworks @loader_path/Frameworks";
				PRODUCT_NAME = "$(TARGET_NAME)";
				TEST_HOST = "$(BUILT_PRODUCTS_DIR)/JXLMenuViewDemo.app/JXLMenuViewDemo";
			};
			name = Debug;
		};
		738FE1C11BD91451005FD4D4 /* Release */ = {
			isa = XCBuildConfiguration;
			buildSettings = {
				BUNDLE_LOADER = "$(TEST_HOST)";
				FRAMEWORK_SEARCH_PATHS = (
					"$(SDKROOT)/Developer/Library/Frameworks",
					"$(inherited)",
				);
				INFOPLIST_FILE = JXLMenuViewDemoTests/Info.plist;
				LD_RUNPATH_SEARCH_PATHS = "$(inherited) @executable_path/Frameworks @loader_path/Frameworks";
				PRODUCT_NAME = "$(TARGET_NAME)";
				TEST_HOST = "$(BUILT_PRODUCTS_DIR)/JXLMenuViewDemo.app/JXLMenuViewDemo";
			};
			name = Release;
		};
/* End XCBuildConfiguration section */

/* Begin XCConfigurationList section */
		738FE1941BD91450005FD4D4 /* Build configuration list for PBXProject "JXLMenuViewDemo" */ = {
			isa = XCConfigurationList;
			buildConfigurations = (
				738FE1BA1BD91451005FD4D4 /* Debug */,
				738FE1BB1BD91451005FD4D4 /* Release */,
			);
			defaultConfigurationIsVisible = 0;
			defaultConfigurationName = Release;
		};
		738FE1BC1BD91451005FD4D4 /* Build configuration list for PBXNativeTarget "JXLMenuViewDemo" */ = {
			isa = XCConfigurationList;
			buildConfigurations = (
				738FE1BD1BD91451005FD4D4 /* Debug */,
				738FE1BE1BD91451005FD4D4 /* Release */,
			);
			defaultConfigurationIsVisible = 0;
			defaultConfigurationName = Release;
		};
		738FE1BF1BD91451005FD4D4 /* Build configuration list for PBXNativeTarget "JXLMenuViewDemoTests" */ = {
			isa = XCConfigurationList;
			buildConfigurations = (
				738FE1C01BD91451005FD4D4 /* Debug */,
				738FE1C11BD91451005FD4D4 /* Release */,
			);
			defaultConfigurationIsVisible = 0;
			defaultConfigurationName = Release;
		};
/* End XCConfigurationList section */
	};
	rootObject = 738FE1911BD91450005FD4D4 /* Project object */;
}
